
Microsoft Visual Studio Solution File, Format Version 12.00
# Visual Studio Version 17
VisualStudioVersion = 17.7.34009.444
MinimumVisualStudioVersion = 10.0.40219.1
Project("{FAE04EC0-301F-11D3-BF4B-00C04F79EFBC}") = "Ejemplo_Control", "Ejemplo_Control\Ejemplo_Control.csproj", "{05861C36-8ABD-49B7-8A8C-EFC04332BF1D}"
EndProject
Global
	GlobalSection(SolutionConfigurationPlatforms) = preSolution
		Debug|Any CPU = Debug|Any CPU
		Release|Any CPU = Release|Any CPU
	EndGlobalSection
	GlobalSection(ProjectConfigurationPlatforms) = postSolution
		{05861C36-8ABD-49B7-8A8C-EFC04332BF1D}.Debug|Any CPU.ActiveCfg = Debug|Any CPU
		{05861C36-8ABD-49B7-8A8C-EFC04332BF1D}.Debug|Any CPU.Build.0 = Debug|Any CPU
		{05861C36-8ABD-49B7-8A8C-EFC04332BF1D}.Release|Any CPU.ActiveCfg = Release|Any CPU
		{05861C36-8ABD-49B7-8A8C-EFC04332BF1D}.Release|Any CPU.Build.0 = Release|Any CPU
	EndGlobalSection
	GlobalSection(SolutionProperties) = preSolution
		HideSolutionNode = FALSE
	EndGlobalSection
	GlobalSection(ExtensibilityGlobals) = postSolution
		SolutionGuid = {D7950CB4-D8B6-48FC-ABAC-3E138D76F25B}
	EndGlobalSection
EndGlobal
